
Microsoft Visual Studio Solution File, Format Version 12.00
# Visual Studio 2013
VisualStudioVersion = 12.0.30501.0
MinimumVisualStudioVersion = 10.0.40219.1
Project("{FAE04EC0-301F-11D3-BF4B-00C04F79EFBC}") = "MyTest", "MyTest\MyTest.csproj", "{A20AB024-9687-437A-AE23-1542094FCC0B}"
EndProject
Project("{FAE04EC0-301F-11D3-BF4B-00C04F79EFBC}") = "GenerateCMD", "GenerateCMD\GenerateCMD.csproj", "{0C7A5752-3BFD-474C-923D-B4CA3C1BD84A}"
EndProject
Project("{FAE04EC0-301F-11D3-BF4B-00C04F79EFBC}") = "CenterApi", "CenterApi\CenterApi.csproj", "{6E097A30-3AA3-4EC1-AFE2-E54BF2CCC887}"
EndProject
Project("{FAE04EC0-301F-11D3-BF4B-00C04F79EFBC}") = "SubscribeSystem", "SubscribeSystem\SubscribeSystem.csproj", "{4F0343BA-2D76-41CD-B13D-9451105FFF74}"
EndProject
Project("{FAE04EC0-301F-11D3-BF4B-00C04F79EFBC}") = "TaskDispatcher", "TaskDispatcher\TaskDispatcher.csproj", "{98D1F3D2-BD80-4BC2-A39D-97A1A26C1E13}"
EndProject
Global
	GlobalSection(SolutionConfigurationPlatforms) = preSolution
		Debug|Any CPU = Debug|Any CPU
		Release|Any CPU = Release|Any CPU
	EndGlobalSection
	GlobalSection(ProjectConfigurationPlatforms) = postSolution
		{A20AB024-9687-437A-AE23-1542094FCC0B}.Debug|Any CPU.ActiveCfg = Debug|Any CPU
		{A20AB024-9687-437A-AE23-1542094FCC0B}.Debug|Any CPU.Build.0 = Debug|Any CPU
		{A20AB024-9687-437A-AE23-1542094FCC0B}.Release|Any CPU.ActiveCfg = Release|Any CPU
		{A20AB024-9687-437A-AE23-1542094FCC0B}.Release|Any CPU.Build.0 = Release|Any CPU
		{0C7A5752-3BFD-474C-923D-B4CA3C1BD84A}.Debug|Any CPU.ActiveCfg = Debug|Any CPU
		{0C7A5752-3BFD-474C-923D-B4CA3C1BD84A}.Debug|Any CPU.Build.0 = Debug|Any CPU
		{0C7A5752-3BFD-474C-923D-B4CA3C1BD84A}.Release|Any CPU.ActiveCfg = Release|Any CPU
		{0C7A5752-3BFD-474C-923D-B4CA3C1BD84A}.Release|Any CPU.Build.0 = Release|Any CPU
		{6E097A30-3AA3-4EC1-AFE2-E54BF2CCC887}.Debug|Any CPU.ActiveCfg = Debug|Any CPU
		{6E097A30-3AA3-4EC1-AFE2-E54BF2CCC887}.Debug|Any CPU.Build.0 = Debug|Any CPU
		{6E097A30-3AA3-4EC1-AFE2-E54BF2CCC887}.Release|Any CPU.ActiveCfg = Release|Any CPU
		{6E097A30-3AA3-4EC1-AFE2-E54BF2CCC887}.Release|Any CPU.Build.0 = Release|Any CPU
		{4F0343BA-2D76-41CD-B13D-9451105FFF74}.Debug|Any CPU.ActiveCfg = Debug|Any CPU
		{4F0343BA-2D76-41CD-B13D-9451105FFF74}.Debug|Any CPU.Build.0 = Debug|Any CPU
		{4F0343BA-2D76-41CD-B13D-9451105FFF74}.Release|Any CPU.ActiveCfg = Release|Any CPU
		{4F0343BA-2D76-41CD-B13D-9451105FFF74}.Release|Any CPU.Build.0 = Release|Any CPU
		{98D1F3D2-BD80-4BC2-A39D-97A1A26C1E13}.Debug|Any CPU.ActiveCfg = Debug|Any CPU
		{98D1F3D2-BD80-4BC2-A39D-97A1A26C1E13}.Debug|Any CPU.Build.0 = Debug|Any CPU
		{98D1F3D2-BD80-4BC2-A39D-97A1A26C1E13}.Release|Any CPU.ActiveCfg = Release|Any CPU
		{98D1F3D2-BD80-4BC2-A39D-97A1A26C1E13}.Release|Any CPU.Build.0 = Release|Any CPU
	EndGlobalSection
	GlobalSection(SolutionProperties) = preSolution
		HideSolutionNode = FALSE
	EndGlobalSection
EndGlobal
